<?xml version="1.0" encoding="utf-8"?>
<Project ToolsVersion="4.0" xmlns="http://schemas.microsoft.com/developer/msbuild/2003">
  <ItemGroup>
    <Filter Include="Common">
      <UniqueIdentifier>{f273820d-0399-40f1-aad0-57cc8a60f939}</UniqueIdentifier>
    </Filter>
    <Filter Include="Engine">
      <UniqueIdentifier>{9fd5efbd-5bde-4eb0-a403-22aa3b944a91}</UniqueIdentifier>
    </Filter>
    <Filter Include="Graphics">
      <UniqueIdentifier>{7a5da5df-7ca2-4c1b-974f-37d285939c7d}</UniqueIdentifier>
    </Filter>
    <Filter Include="Scene">
      <UniqueIdentifier>{e7cd629c-3183-479c-a888-1c20d2c6580b}</UniqueIdentifier>
    </Filter>
  </ItemGroup>
  <ItemGroup>
    <ClInclude Include="..\..\source\common\sys_headers.h">
      <Filter>Common</Filter>
    </ClInclude>
    <ClInclude Include="..\..\source\common\typedefs.h">
      <Filter>Common</Filter>
    </ClInclude>
    <ClInclude Include="..\..\source\graphics\cuda_util.h">
      <Filter>Graphics</Filter>
    </ClInclude>
    <ClInclude Include="..\..\source\engine\clock.h">
      <Filter>Engine</Filter>
    </ClInclude>
    <ClInclude Include="..\..\source\graphics\dxerr.h">
      <Filter>Graphics</Filter>
    </ClInclude>
    <ClInclude Include="..\..\source\graphics\d3d_util.h">
      <Filter>Graphics</Filter>
    </ClInclude>
    <ClInclude Include="..\..\source\common\file_io_util.h">
      <Filter>Common</Filter>
    </ClInclude>
    <ClInclude Include="..\..\source\graphics\cuda_texture2d.h">
      <Filter>Graphics</Filter>
    </ClInclude>
    <ClInclude Include="..\..\source\graphics\d3d_texture2d.h">
      <Filter>Graphics</Filter>
    </ClInclude>
    <ClInclude Include="..\..\source\graphics\helper_math.h">
      <Filter>Graphics</Filter>
    </ClInclude>
    <ClInclude Include="..\..\source\engine\camera.h">
      <Filter>Engine</Filter>
    </ClInclude>
    <ClInclude Include="..\..\source\engine\rapt_engine.h">
      <Filter>Engine</Filter>
    </ClInclude>
    <ClInclude Include="..\..\source\scene\scene_objects.h">
      <Filter>Scene</Filter>
    </ClInclude>
  </ItemGroup>
  <ItemGroup>
    <ClCompile Include="..\..\source\engine\clock.cpp">
      <Filter>Engine</Filter>
    </ClCompile>
    <ClCompile Include="..\..\source\graphics\dxerr.cpp">
      <Filter>Graphics</Filter>
    </ClCompile>
    <ClCompile Include="..\..\source\graphics\d3d_util.cpp">
      <Filter>Graphics</Filter>
    </ClCompile>
    <ClCompile Include="..\..\source\common\file_io_util.cpp">
      <Filter>Common</Filter>
    </ClCompile>
    <ClCompile Include="..\..\source\graphics\cuda_util.cpp">
      <Filter>Graphics</Filter>
    </ClCompile>
    <ClCompile Include="..\..\source\graphics\d3d_texture2d.cpp">
      <Filter>Graphics</Filter>
    </ClCompile>
    <ClCompile Include="..\..\source\graphics\cuda_texture2d.cpp">
      <Filter>Graphics</Filter>
    </ClCompile>
    <ClCompile Include="..\..\source\engine\camera.cpp">
      <Filter>Engine</Filter>
    </ClCompile>
    <ClCompile Include="..\..\source\engine\rapt_engine.cpp">
      <Filter>Engine</Filter>
    </ClCompile>
  </ItemGroup>
</Project>